
Microsoft Visual Studio Solution File, Format Version 12.00
# Visual Studio 15
VisualStudioVersion = 15.0.27703.2047
MinimumVisualStudioVersion = 10.0.40219.1
Project("{FAE04EC0-301F-11D3-BF4B-00C04F79EFBC}") = "LazyBuffalo.Angus", "LazyBuffalo.Angus\LazyBuffalo.Angus.csproj", "{51A3D242-EEB4-457D-8813-720196BFE7A1}"
EndProject
Project("{E53339B2-1760-4266-BCC7-CA923CBCF16C}") = "docker-compose", "docker-compose.dcproj", "{1F1E2CAB-FEB3-45E5-9C41-09A8DDAB970B}"
EndProject
Global
	GlobalSection(SolutionConfigurationPlatforms) = preSolution
		Debug|Any CPU = Debug|Any CPU
		Release|Any CPU = Release|Any CPU
	EndGlobalSection
	GlobalSection(ProjectConfigurationPlatforms) = postSolution
		{51A3D242-EEB4-457D-8813-720196BFE7A1}.Debug|Any CPU.ActiveCfg = Debug|Any CPU
		{51A3D242-EEB4-457D-8813-720196BFE7A1}.Debug|Any CPU.Build.0 = Debug|Any CPU
		{51A3D242-EEB4-457D-8813-720196BFE7A1}.Release|Any CPU.ActiveCfg = Release|Any CPU
		{51A3D242-EEB4-457D-8813-720196BFE7A1}.Release|Any CPU.Build.0 = Release|Any CPU
		{1F1E2CAB-FEB3-45E5-9C41-09A8DDAB970B}.Debug|Any CPU.ActiveCfg = Debug|Any CPU
		{1F1E2CAB-FEB3-45E5-9C41-09A8DDAB970B}.Debug|Any CPU.Build.0 = Debug|Any CPU
		{1F1E2CAB-FEB3-45E5-9C41-09A8DDAB970B}.Release|Any CPU.ActiveCfg = Release|Any CPU
		{1F1E2CAB-FEB3-45E5-9C41-09A8DDAB970B}.Release|Any CPU.Build.0 = Release|Any CPU
	EndGlobalSection
	GlobalSection(SolutionProperties) = preSolution
		HideSolutionNode = FALSE
	EndGlobalSection
	GlobalSection(ExtensibilityGlobals) = postSolution
		SolutionGuid = {127FD0F7-0ABD-4D27-82CE-255DE1C9B73A}
	EndGlobalSection
EndGlobal
